
Microsoft Visual Studio Solution File, Format Version 12.00
# Visual Studio Version 17
VisualStudioVersion = 17.5.002.0
MinimumVisualStudioVersion = 10.0.40219.1
Project("{9A19103F-16F7-4668-BE54-9A1E7A4F7556}") = "api", "api\api.csproj", "{AB58951F-10B5-47ED-98CC-149C0EBF1126}"
EndProject
Global
	GlobalSection(SolutionConfigurationPlatforms) = preSolution
		Debug|Any CPU = Debug|Any CPU
		Release|Any CPU = Release|Any CPU
	EndGlobalSection
	GlobalSection(ProjectConfigurationPlatforms) = postSolution
		{AB58951F-10B5-47ED-98CC-149C0EBF1126}.Debug|Any CPU.ActiveCfg = Debug|Any CPU
		{AB58951F-10B5-47ED-98CC-149C0EBF1126}.Debug|Any CPU.Build.0 = Debug|Any CPU
		{AB58951F-10B5-47ED-98CC-149C0EBF1126}.Release|Any CPU.ActiveCfg = Release|Any CPU
		{AB58951F-10B5-47ED-98CC-149C0EBF1126}.Release|Any CPU.Build.0 = Release|Any CPU
	EndGlobalSection
	GlobalSection(SolutionProperties) = preSolution
		HideSolutionNode = FALSE
	EndGlobalSection
	GlobalSection(ExtensibilityGlobals) = postSolution
		SolutionGuid = {1FC55F69-9D85-4F49-92CE-71D4985272F4}
	EndGlobalSection
EndGlobal
